schema: '2.0'
stages:
  stage_name:
    cmd: python src/stage_01_get_data.py --config=configs/config.yaml
    deps:
    - path: configs/config.yaml
      md5: 290808cbb91fc2468da38326b7d88f5d
      size: 598
    - path: src/stage_01_get_data.py
      md5: f120561f5b1b252cecdf060045279705
      size: 1547
    - path: src/utils/common.py
      md5: d162961d817182441383bdb0e674e685
      size: 675
    outs:
    - path: data/data.xml
      md5: aff2d5a38a89c039f46fe3535b406701
      size: 67803
  prepare_data:
    cmd: python src/stage_02_prepare.py --config=configs/config.yaml --params=params.yaml
    deps:
    - path: configs/config.yaml
      md5: 0e6ec335450a34e062d7d591b22ed253
      size: 396
    - path: src/stage_02_prepare.py
      md5: 8f1994e2e7e5df58090e54296b549261
      size: 2189
    - path: src/utils/common.py
      md5: d162961d817182441383bdb0e674e685
      size: 675
    - path: src/utils/data_mgmt.py
      md5: 02b4618d2cc84fb30f0e779608aaf2ec
      size: 812
    params:
      params.yaml:
        prepare.seed: 2021
        prepare.split: 0.3
    outs:
    - path: artifacts/prepared/test.tsv
      md5: a0bb558cc0e08269228e02fb57edbdc0
      size: 7240485
    - path: artifacts/prepared/train.tsv
      md5: 3514ce5f1b8c8d976c178e0ad2ae1e78
      size: 16620834
  get_data:
    cmd: python src/stage_01_get_data.py --config=configs/config.yaml
    deps:
    - path: configs/config.yaml
      md5: 0e6ec335450a34e062d7d591b22ed253
      size: 396
    - path: src/stage_01_get_data.py
      md5: f120561f5b1b252cecdf060045279705
      size: 1547
    - path: src/utils/common.py
      md5: d162961d817182441383bdb0e674e685
      size: 675
    outs:
    - path: data/data.xml
      md5: 6c7b81d6dfe150316de5606b3158b774
      size: 67736
