schema: '2.0'
stages:
  get_data:
    cmd: python src/stage_01_get_data.py --config=configs/config.yaml
    deps:
    - path: configs/config.yaml
      hash: md5
      md5: 5ff0f1cfb015c3d0627116501e7fac51
      size: 547
    - path: src/stage_01_get_data.py
      hash: md5
      md5: 836aa9968392fe75c6574bb8e28f2cba
      size: 1666
    - path: src/utils/common.py
      md5: 35358b9ab9119dbbe85fcf02d22f927c
      size: 1010
    outs:
    - path: data/data.xml
      hash: md5
      md5: a304afb96060aad90176268345e10355
      size: 37891850
  prepare_data:
    cmd: python src/stage_02_prepare.py --config=configs/config.yaml 
      --params=params.yaml
    deps:
    - path: configs/config.yaml
      hash: md5
      md5: 5ff0f1cfb015c3d0627116501e7fac51
      size: 547
    - path: data/data.xml
      hash: md5
      md5: a304afb96060aad90176268345e10355
      size: 37891850
    - path: src/stage_02_prepare.py
      md5: 8f1994e2e7e5df58090e54296b549261
      size: 2189
    - path: src/utils/common.py
      md5: 35358b9ab9119dbbe85fcf02d22f927c
      size: 1010
    - path: src/utils/data_mgmt.py
      md5: 02b4618d2cc84fb30f0e779608aaf2ec
      size: 812
    params:
      params.yaml:
        prepare.seed: 2021
        prepare.split: 0.3
    outs:
    - path: artifacts/prepared/test.tsv
      hash: md5
      md5: a0bb558cc0e08269228e02fb57edbdc0
      size: 7240485
    - path: artifacts/prepared/train.tsv
      hash: md5
      md5: 3514ce5f1b8c8d976c178e0ad2ae1e78
      size: 16620834
  featurize:
    cmd: python src/stage_03_featurization.py --config=configs/config.yaml 
      --params=params.yaml
    deps:
    - path: artifacts/prepared/test.tsv
      md5: a0bb558cc0e08269228e02fb57edbdc0
      size: 7240485
    - path: artifacts/prepared/train.tsv
      md5: 3514ce5f1b8c8d976c178e0ad2ae1e78
      size: 16620834
    - path: configs/config.yaml
      hash: md5
      md5: 5ff0f1cfb015c3d0627116501e7fac51
      size: 547
    - path: src/stage_03_featurization.py
      md5: f475f529c8084d82c6fb6ec2885f3370
      size: 2906
    - path: src/utils/common.py
      md5: 35358b9ab9119dbbe85fcf02d22f927c
      size: 1010
    - path: src/utils/featurize.py
      md5: 56e9e16c72a50ff36e15d859fa1b0c4c
      size: 489
    params:
      params.yaml:
        featurize.max_features: 2500
        featurize.ngrams: 3
    outs:
    - path: artifacts/features/test.pkl
      hash: md5
      md5: 93b40223a668add5e2c3eeb8ca61c985
      size: 3885436
    - path: artifacts/features/train.pkl
      hash: md5
      md5: b624c36304f8dcefe9c13ae2940e956f
      size: 8978516
  training:
    cmd: python src/stage_04_train.py --config=configs/config.yaml 
      --params=params.yaml
    deps:
    - path: artifacts/features/train.pkl
      md5: fea42a943159d298ea38ba7193c3b058
      size: 8978500
    - path: configs/config.yaml
      md5: 8b84893ab91925f8988bfb7dc85fcae6
      size: 616
    - path: src/stage_04_train.py
      md5: ed829b35a04144d7933c90fa7f437a2a
      size: 2262
    - path: src/utils/common.py
      md5: 35358b9ab9119dbbe85fcf02d22f927c
      size: 1010
    params:
      params.yaml:
        train.min_split: 32
        train.n_est: 110
        train.seed: 2021
    outs:
    - path: artifacts/model/model.pkl
      md5: 75f4246cb6fc794e20639c4d8a1d4aed
      size: 2836345
  evaluate:
    cmd: python src/stage_05_evaluate.py --config=configs/config.yaml
    deps:
    - path: artifacts/features/test.pkl
      hash: md5
      md5: 93b40223a668add5e2c3eeb8ca61c985
      size: 3885436
    - path: artifacts/model/model.pkl
      hash: md5
      md5: a9cc50ad64d544f90f39202aaa26c927
      size: 3149497
    - path: configs/config.yaml
      hash: md5
      md5: 5ff0f1cfb015c3d0627116501e7fac51
      size: 547
    - path: src/stage_05_evaluate.py
      md5: 09f0898cee593c1fac9b2567d7144176
      size: 2661
    - path: src/utils/common.py
      md5: 35358b9ab9119dbbe85fcf02d22f927c
      size: 1010
    outs:
    - path: prc.json
      hash: md5
      md5: bf6c10457b53d1e4fc595ccba6d7bf2f
      size: 15542
    - path: roc.json
      hash: md5
      md5: 2a1ce0c4ff91f2f4a4af20e96c4025e1
      size: 101508
    - path: scores.json
      md5: 9e5298260df3a2e8dbb79d5f170d3f1e
      size: 73
  train:
    cmd: python src/stage_04_train.py --config=configs/config.yaml 
      --params=params.yaml
    deps:
    - path: artifacts/features/train.pkl
      hash: md5
      md5: b624c36304f8dcefe9c13ae2940e956f
      size: 8978516
    - path: configs/config.yaml
      hash: md5
      md5: 5ff0f1cfb015c3d0627116501e7fac51
      size: 547
    - path: src/stage_04_train.py
      hash: md5
      md5: 0fabb906045d4f84b54716896b772ba6
      size: 2262
    - path: src/utils/common.py
      hash: md5
      md5: c20494887e7ee802bfc6790332592dd8
      size: 1010
    params:
      params.yaml:
        train.min_split: 32
        train.n_est: 110
        train.seed: 2021
    outs:
    - path: artifacts/model/model.pkl
      hash: md5
      md5: a9cc50ad64d544f90f39202aaa26c927
      size: 3149497
